<?xml version="1.0" encoding="utf-8"?>
<Project ToolsVersion="4.0" xmlns="http://schemas.microsoft.com/developer/msbuild/2003">
  <ItemGroup>
    <ClInclude Include="targetver.h" />
    <ClInclude Include="stdafx.h" />
    <ClInclude Include="lib\TextTemplate.h">
      <Filter>lib</Filter>
    </ClInclude>
    <ClInclude Include="lib\OutputStream.h">
      <Filter>lib</Filter>
    </ClInclude>
    <ClInclude Include="lib\CodeConvert.h">
      <Filter>lib</Filter>
    </ClInclude>
    <ClInclude Include="lib\Types.h">
      <Filter>lib</Filter>
    </ClInclude>
    <ClInclude Include="lib\file_iterator.h">
      <Filter>lib</Filter>
    </ClInclude>
    <ClInclude Include="lib\StringEx.h">
      <Filter>lib</Filter>
    </ClInclude>
  </ItemGroup>
  <ItemGroup>
    <ClCompile Include="ssg.cpp" />
    <ClCompile Include="stdafx.cpp" />
    <ClCompile Include="lib\TextTemplate.cpp">
      <Filter>lib</Filter>
    </ClCompile>
    <ClCompile Include="lib\CodeConvert.cpp">
      <Filter>lib</Filter>
    </ClCompile>
    <ClCompile Include="lib\StringEx.cpp">
      <Filter>lib</Filter>
    </ClCompile>
  </ItemGroup>
  <ItemGroup>
    <Filter Include="lib">
      <UniqueIdentifier>{73cfd6b7-1257-41c5-afd0-23a1b05e3701}</UniqueIdentifier>
    </Filter>
  </ItemGroup>
</Project>